
Microsoft Visual Studio Solution File, Format Version 12.00
# Visual Studio Version 17
VisualStudioVersion = 17.14.36414.22 d17.14
MinimumVisualStudioVersion = 10.0.40219.1
Project("{FAE04EC0-301F-11D3-BF4B-00C04F79EFBC}") = "WebApplication_templatemo_487_fitness_F", "WebApplication_templatemo_487_fitness_F\WebApplication_templatemo_487_fitness_F.csproj", "{CA33DFA3-C3CC-41C6-8920-46CE671E0DCE}"
EndProject
Global
	GlobalSection(SolutionConfigurationPlatforms) = preSolution
		Debug|Any CPU = Debug|Any CPU
		Release|Any CPU = Release|Any CPU
	EndGlobalSection
	GlobalSection(ProjectConfigurationPlatforms) = postSolution
		{CA33DFA3-C3CC-41C6-8920-46CE671E0DCE}.Debug|Any CPU.ActiveCfg = Debug|Any CPU
		{CA33DFA3-C3CC-41C6-8920-46CE671E0DCE}.Debug|Any CPU.Build.0 = Debug|Any CPU
		{CA33DFA3-C3CC-41C6-8920-46CE671E0DCE}.Release|Any CPU.ActiveCfg = Release|Any CPU
		{CA33DFA3-C3CC-41C6-8920-46CE671E0DCE}.Release|Any CPU.Build.0 = Release|Any CPU
	EndGlobalSection
	GlobalSection(SolutionProperties) = preSolution
		HideSolutionNode = FALSE
	EndGlobalSection
	GlobalSection(ExtensibilityGlobals) = postSolution
		SolutionGuid = {2C8F2DFF-CAC4-4464-B2B2-426D1E2D1C5E}
	EndGlobalSection
EndGlobal
